
Microsoft Visual Studio Solution File, Format Version 12.00
Project("{FAE04EC0-301F-11D3-BF4B-00C04F79EFBC}") = "uri-online-judge-solutions", "uri-online-judge-solutions\uri-online-judge-solutions.csproj", "{F398A3EB-ECA5-453E-8E16-6E4020EDAE27}"
EndProject
Global
	GlobalSection(SolutionConfigurationPlatforms) = preSolution
		Debug|Any CPU = Debug|Any CPU
		Release|Any CPU = Release|Any CPU
	EndGlobalSection
	GlobalSection(ProjectConfigurationPlatforms) = postSolution
		{F398A3EB-ECA5-453E-8E16-6E4020EDAE27}.Debug|Any CPU.ActiveCfg = Debug|Any CPU
		{F398A3EB-ECA5-453E-8E16-6E4020EDAE27}.Debug|Any CPU.Build.0 = Debug|Any CPU
		{F398A3EB-ECA5-453E-8E16-6E4020EDAE27}.Release|Any CPU.ActiveCfg = Release|Any CPU
		{F398A3EB-ECA5-453E-8E16-6E4020EDAE27}.Release|Any CPU.Build.0 = Release|Any CPU
	EndGlobalSection
EndGlobal
